
Microsoft Visual Studio Solution File, Format Version 12.00
Project("{FAE04EC0-301F-11D3-BF4B-00C04F79EFBC}") = "API Gateway", "API Gateway\API Gateway.csproj", "{6A543610-720A-42FF-9E03-EB84EE9AFCB2}"
EndProject
Project("{FAE04EC0-301F-11D3-BF4B-00C04F79EFBC}") = "User Service", "User Service\User Service.csproj", "{8FAC9887-6E8C-49A0-8C93-D9DAE7891F68}"
EndProject
Project("{FAE04EC0-301F-11D3-BF4B-00C04F79EFBC}") = "Admin Panel", "Admin Panel\Admin Panel.csproj", "{FB65A279-13FB-4835-9314-BFBE1E3B42B7}"
EndProject
Project("{FAE04EC0-301F-11D3-BF4B-00C04F79EFBC}") = "Notification Service", "Notification Service\Notification Service.csproj", "{1033F33C-8939-42FB-864B-A50106662BE7}"
EndProject
Project("{FAE04EC0-301F-11D3-BF4B-00C04F79EFBC}") = "Admission Service", "Admission Service\Admission Service.csproj", "{3EE9ED22-1753-4EB8-9F87-EA05AEB84A7B}"
EndProject
Project("{FAE04EC0-301F-11D3-BF4B-00C04F79EFBC}") = "Document Service", "Document Service\Document Service.csproj", "{23B7E039-8505-4A04-9619-257281BB6C5E}"
EndProject
Project("{FAE04EC0-301F-11D3-BF4B-00C04F79EFBC}") = "Directory Service", "Directory Service\Directory Service.csproj", "{EC6CE44E-26B0-44D1-A935-1B6FA892E797}"
EndProject
Project("{FAE04EC0-301F-11D3-BF4B-00C04F79EFBC}") = "Common", "Common\Common.csproj", "{C24B286C-7CA5-4C05-9976-CD13FC431E0A}"
EndProject
Global
	GlobalSection(SolutionConfigurationPlatforms) = preSolution
		Debug|Any CPU = Debug|Any CPU
		Release|Any CPU = Release|Any CPU
	EndGlobalSection
	GlobalSection(ProjectConfigurationPlatforms) = postSolution
		{6A543610-720A-42FF-9E03-EB84EE9AFCB2}.Debug|Any CPU.ActiveCfg = Debug|Any CPU
		{6A543610-720A-42FF-9E03-EB84EE9AFCB2}.Debug|Any CPU.Build.0 = Debug|Any CPU
		{6A543610-720A-42FF-9E03-EB84EE9AFCB2}.Release|Any CPU.ActiveCfg = Release|Any CPU
		{6A543610-720A-42FF-9E03-EB84EE9AFCB2}.Release|Any CPU.Build.0 = Release|Any CPU
		{8FAC9887-6E8C-49A0-8C93-D9DAE7891F68}.Debug|Any CPU.ActiveCfg = Debug|Any CPU
		{8FAC9887-6E8C-49A0-8C93-D9DAE7891F68}.Debug|Any CPU.Build.0 = Debug|Any CPU
		{8FAC9887-6E8C-49A0-8C93-D9DAE7891F68}.Release|Any CPU.ActiveCfg = Release|Any CPU
		{8FAC9887-6E8C-49A0-8C93-D9DAE7891F68}.Release|Any CPU.Build.0 = Release|Any CPU
		{FB65A279-13FB-4835-9314-BFBE1E3B42B7}.Debug|Any CPU.ActiveCfg = Debug|Any CPU
		{FB65A279-13FB-4835-9314-BFBE1E3B42B7}.Debug|Any CPU.Build.0 = Debug|Any CPU
		{FB65A279-13FB-4835-9314-BFBE1E3B42B7}.Release|Any CPU.ActiveCfg = Release|Any CPU
		{FB65A279-13FB-4835-9314-BFBE1E3B42B7}.Release|Any CPU.Build.0 = Release|Any CPU
		{1033F33C-8939-42FB-864B-A50106662BE7}.Debug|Any CPU.ActiveCfg = Debug|Any CPU
		{1033F33C-8939-42FB-864B-A50106662BE7}.Debug|Any CPU.Build.0 = Debug|Any CPU
		{1033F33C-8939-42FB-864B-A50106662BE7}.Release|Any CPU.ActiveCfg = Release|Any CPU
		{1033F33C-8939-42FB-864B-A50106662BE7}.Release|Any CPU.Build.0 = Release|Any CPU
		{3EE9ED22-1753-4EB8-9F87-EA05AEB84A7B}.Debug|Any CPU.ActiveCfg = Debug|Any CPU
		{3EE9ED22-1753-4EB8-9F87-EA05AEB84A7B}.Debug|Any CPU.Build.0 = Debug|Any CPU
		{3EE9ED22-1753-4EB8-9F87-EA05AEB84A7B}.Release|Any CPU.ActiveCfg = Release|Any CPU
		{3EE9ED22-1753-4EB8-9F87-EA05AEB84A7B}.Release|Any CPU.Build.0 = Release|Any CPU
		{23B7E039-8505-4A04-9619-257281BB6C5E}.Debug|Any CPU.ActiveCfg = Debug|Any CPU
		{23B7E039-8505-4A04-9619-257281BB6C5E}.Debug|Any CPU.Build.0 = Debug|Any CPU
		{23B7E039-8505-4A04-9619-257281BB6C5E}.Release|Any CPU.ActiveCfg = Release|Any CPU
		{23B7E039-8505-4A04-9619-257281BB6C5E}.Release|Any CPU.Build.0 = Release|Any CPU
		{EC6CE44E-26B0-44D1-A935-1B6FA892E797}.Debug|Any CPU.ActiveCfg = Debug|Any CPU
		{EC6CE44E-26B0-44D1-A935-1B6FA892E797}.Debug|Any CPU.Build.0 = Debug|Any CPU
		{EC6CE44E-26B0-44D1-A935-1B6FA892E797}.Release|Any CPU.ActiveCfg = Release|Any CPU
		{EC6CE44E-26B0-44D1-A935-1B6FA892E797}.Release|Any CPU.Build.0 = Release|Any CPU
		{C24B286C-7CA5-4C05-9976-CD13FC431E0A}.Debug|Any CPU.ActiveCfg = Debug|Any CPU
		{C24B286C-7CA5-4C05-9976-CD13FC431E0A}.Debug|Any CPU.Build.0 = Debug|Any CPU
		{C24B286C-7CA5-4C05-9976-CD13FC431E0A}.Release|Any CPU.ActiveCfg = Release|Any CPU
		{C24B286C-7CA5-4C05-9976-CD13FC431E0A}.Release|Any CPU.Build.0 = Release|Any CPU
	EndGlobalSection
EndGlobal
